
Microsoft Visual Studio Solution File, Format Version 12.00
# Visual Studio Version 16
VisualStudioVersion = 16.0.30204.135
MinimumVisualStudioVersion = 10.0.40219.1
Project("{8BC9CEB8-8B4A-11D0-8D11-00A0C91BC942}") = "LoanIt", "LoanIt.vcxproj", "{DC8A7B30-9768-42CD-96C4-E227663A5CCC}"
EndProject
Project("{2150E333-8FDC-42A3-9474-1A3956D46DE8}") = "Solution Items", "Solution Items", "{0C35E713-98F1-43E9-99D2-5223CCE7D552}"
EndProject
Global
	GlobalSection(SolutionConfigurationPlatforms) = preSolution
		Debug|x64 = Debug|x64
		Debug|x86 = Debug|x86
		Release|x64 = Release|x64
		Release|x86 = Release|x86
	EndGlobalSection
	GlobalSection(ProjectConfigurationPlatforms) = postSolution
		{DC8A7B30-9768-42CD-96C4-E227663A5CCC}.Debug|x64.ActiveCfg = Debug|x64
		{DC8A7B30-9768-42CD-96C4-E227663A5CCC}.Debug|x64.Build.0 = Debug|x64
		{DC8A7B30-9768-42CD-96C4-E227663A5CCC}.Debug|x86.ActiveCfg = Debug|Win32
		{DC8A7B30-9768-42CD-96C4-E227663A5CCC}.Debug|x86.Build.0 = Debug|Win32
		{DC8A7B30-9768-42CD-96C4-E227663A5CCC}.Release|x64.ActiveCfg = Release|x64
		{DC8A7B30-9768-42CD-96C4-E227663A5CCC}.Release|x64.Build.0 = Release|x64
		{DC8A7B30-9768-42CD-96C4-E227663A5CCC}.Release|x86.ActiveCfg = Release|Win32
		{DC8A7B30-9768-42CD-96C4-E227663A5CCC}.Release|x86.Build.0 = Release|Win32
	EndGlobalSection
	GlobalSection(SolutionProperties) = preSolution
		HideSolutionNode = FALSE
	EndGlobalSection
	GlobalSection(ExtensibilityGlobals) = postSolution
		SolutionGuid = {8A1CCD43-E77B-45F0-801B-363983C807A2}
	EndGlobalSection
EndGlobal
